// !$*UTF8*$!
{
	archiveVersion = 1;
	classes = {
	};
	objectVersion = 51;
	objects = {

/* Begin PBXBuildFile section */
		E838F2AB246A7DC20048B0CB /* ZJBaseTabBarController.swift in Sources */ = {isa = PBXBuildFile; fileRef = E838F2AA246A7DC20048B0CB /* ZJBaseTabBarController.swift */; };
		E838F2BA246A7F620048B0CB /* ZJBaseViewController.swift in Sources */ = {isa = PBXBuildFile; fileRef = E838F2B9246A7F620048B0CB /* ZJBaseViewController.swift */; };
		E8D36F67246B88AA008E9FED /* HomeViewController.swift in Sources */ = {isa = PBXBuildFile; fileRef = E8D36F66246B88AA008E9FED /* HomeViewController.swift */; };
		E8D36F69246B88D1008E9FED /* CourseRecordViewController.swift in Sources */ = {isa = PBXBuildFile; fileRef = E8D36F68246B88D1008E9FED /* CourseRecordViewController.swift */; };
		E8D36F6B246B88D9008E9FED /* MineViewController.swift in Sources */ = {isa = PBXBuildFile; fileRef = E8D36F6A246B88D9008E9FED /* MineViewController.swift */; };
		E8D36F6D246B8D31008E9FED /* ZJBaseNavigationController.swift in Sources */ = {isa = PBXBuildFile; fileRef = E8D36F6C246B8D31008E9FED /* ZJBaseNavigationController.swift */; };
		E8D36F76246BD353008E9FED /* WRNavigationBar.swift in Sources */ = {isa = PBXBuildFile; fileRef = E8D36F73246BD353008E9FED /* WRNavigationBar.swift */; };
		E8D36F77246BD353008E9FED /* WRCustomNavigationBar.swift in Sources */ = {isa = PBXBuildFile; fileRef = E8D36F74246BD353008E9FED /* WRCustomNavigationBar.swift */; };
		E8D36F81246BEB15008E9FED /* Assets.xcassets in Resources */ = {isa = PBXBuildFile; fileRef = E8D36F79246BEB15008E9FED /* Assets.xcassets */; };
		E8D36F82246BEB15008E9FED /* LaunchScreen.storyboard in Resources */ = {isa = PBXBuildFile; fileRef = E8D36F7A246BEB15008E9FED /* LaunchScreen.storyboard */; };
		E8D36F83246BEB15008E9FED /* Main.storyboard in Resources */ = {isa = PBXBuildFile; fileRef = E8D36F7C246BEB15008E9FED /* Main.storyboard */; };
		E8D36F84246BEB15008E9FED /* AppDelegate.swift in Sources */ = {isa = PBXBuildFile; fileRef = E8D36F7E246BEB15008E9FED /* AppDelegate.swift */; };
		E8D36F86246BEB15008E9FED /* SceneDelegate.swift in Sources */ = {isa = PBXBuildFile; fileRef = E8D36F80246BEB15008E9FED /* SceneDelegate.swift */; };
		E8D36F8A246BEC02008E9FED /* Info.plist in Resources */ = {isa = PBXBuildFile; fileRef = E8D36F7F246BEB15008E9FED /* Info.plist */; };
		F97473BF16B5F6AC38B63884 /* Pods_ZJSwiftBaseProject.framework in Frameworks */ = {isa = PBXBuildFile; fileRef = DFF108A08DCAB36918F7B342 /* Pods_ZJSwiftBaseProject.framework */; };
/* End PBXBuildFile section */

/* Begin PBXFileReference section */
		1E4191D4F8ACA5F87B2B336C /* Pods-ZJSwiftBaseProject.release.xcconfig */ = {isa = PBXFileReference; includeInIndex = 1; lastKnownFileType = text.xcconfig; name = "Pods-ZJSwiftBaseProject.release.xcconfig"; path = "Target Support Files/Pods-ZJSwiftBaseProject/Pods-ZJSwiftBaseProject.release.xcconfig"; sourceTree = "<group>"; };
		DF4F02FDB8B717A57AA6036C /* Pods-ZJSwiftBaseProject.debug.xcconfig */ = {isa = PBXFileReference; includeInIndex = 1; lastKnownFileType = text.xcconfig; name = "Pods-ZJSwiftBaseProject.debug.xcconfig"; path = "Target Support Files/Pods-ZJSwiftBaseProject/Pods-ZJSwiftBaseProject.debug.xcconfig"; sourceTree = "<group>"; };
		DFF108A08DCAB36918F7B342 /* Pods_ZJSwiftBaseProject.framework */ = {isa = PBXFileReference; explicitFileType = wrapper.framework; includeInIndex = 0; path = Pods_ZJSwiftBaseProject.framework; sourceTree = BUILT_PRODUCTS_DIR; };
		E81F451F246A778A009B9EDD /* ZJSwiftBaseProject.app */ = {isa = PBXFileReference; explicitFileType = wrapper.application; includeInIndex = 0; path = ZJSwiftBaseProject.app; sourceTree = BUILT_PRODUCTS_DIR; };
		E838F2AA246A7DC20048B0CB /* ZJBaseTabBarController.swift */ = {isa = PBXFileReference; lastKnownFileType = sourcecode.swift; path = ZJBaseTabBarController.swift; sourceTree = "<group>"; };
		E838F2B9246A7F620048B0CB /* ZJBaseViewController.swift */ = {isa = PBXFileReference; lastKnownFileType = sourcecode.swift; path = ZJBaseViewController.swift; sourceTree = "<group>"; };
		E8D36F66246B88AA008E9FED /* HomeViewController.swift */ = {isa = PBXFileReference; lastKnownFileType = sourcecode.swift; path = HomeViewController.swift; sourceTree = "<group>"; };
		E8D36F68246B88D1008E9FED /* CourseRecordViewController.swift */ = {isa = PBXFileReference; lastKnownFileType = sourcecode.swift; path = CourseRecordViewController.swift; sourceTree = "<group>"; };
		E8D36F6A246B88D9008E9FED /* MineViewController.swift */ = {isa = PBXFileReference; lastKnownFileType = sourcecode.swift; path = MineViewController.swift; sourceTree = "<group>"; };
		E8D36F6C246B8D31008E9FED /* ZJBaseNavigationController.swift */ = {isa = PBXFileReference; lastKnownFileType = sourcecode.swift; path = ZJBaseNavigationController.swift; sourceTree = "<group>"; };
		E8D36F73246BD353008E9FED /* WRNavigationBar.swift */ = {isa = PBXFileReference; fileEncoding = 4; lastKnownFileType = sourcecode.swift; path = WRNavigationBar.swift; sourceTree = "<group>"; };
		E8D36F74246BD353008E9FED /* WRCustomNavigationBar.swift */ = {isa = PBXFileReference; fileEncoding = 4; lastKnownFileType = sourcecode.swift; path = WRCustomNavigationBar.swift; sourceTree = "<group>"; };
		E8D36F79246BEB15008E9FED /* Assets.xcassets */ = {isa = PBXFileReference; lastKnownFileType = folder.assetcatalog; path = Assets.xcassets; sourceTree = "<group>"; };
		E8D36F7B246BEB15008E9FED /* Base */ = {isa = PBXFileReference; lastKnownFileType = file.storyboard; name = Base; path = Base.lproj/LaunchScreen.storyboard; sourceTree = "<group>"; };
		E8D36F7D246BEB15008E9FED /* Base */ = {isa = PBXFileReference; lastKnownFileType = file.storyboard; name = Base; path = Base.lproj/Main.storyboard; sourceTree = "<group>"; };
		E8D36F7E246BEB15008E9FED /* AppDelegate.swift */ = {isa = PBXFileReference; fileEncoding = 4; lastKnownFileType = sourcecode.swift; path = AppDelegate.swift; sourceTree = "<group>"; };
		E8D36F7F246BEB15008E9FED /* Info.plist */ = {isa = PBXFileReference; fileEncoding = 4; lastKnownFileType = text.plist.xml; path = Info.plist; sourceTree = "<group>"; };
		E8D36F80246BEB15008E9FED /* SceneDelegate.swift */ = {isa = PBXFileReference; fileEncoding = 4; lastKnownFileType = sourcecode.swift; path = SceneDelegate.swift; sourceTree = "<group>"; };
/* End PBXFileReference section */

/* Begin PBXFrameworksBuildPhase section */
		E81F451C246A778A009B9EDD /* Frameworks */ = {
			isa = PBXFrameworksBuildPhase;
			buildActionMask = 2147483647;
			files = (
				F97473BF16B5F6AC38B63884 /* Pods_ZJSwiftBaseProject.framework in Frameworks */,
			);
			runOnlyForDeploymentPostprocessing = 0;
		};
/* End PBXFrameworksBuildPhase section */

/* Begin PBXGroup section */
		494E2739E5C180CA0C8568E0 /* Frameworks */ = {
			isa = PBXGroup;
			children = (
				DFF108A08DCAB36918F7B342 /* Pods_ZJSwiftBaseProject.framework */,
			);
			name = Frameworks;
			sourceTree = "<group>";
		};
		8CFD8837694D973229856E35 /* Pods */ = {
			isa = PBXGroup;
			children = (
				DF4F02FDB8B717A57AA6036C /* Pods-ZJSwiftBaseProject.debug.xcconfig */,
				1E4191D4F8ACA5F87B2B336C /* Pods-ZJSwiftBaseProject.release.xcconfig */,
			);
			path = Pods;
			sourceTree = "<group>";
		};
		E81F4516246A778A009B9EDD = {
			isa = PBXGroup;
			children = (
				E81F4521246A778A009B9EDD /* ZJSwiftBaseProject */,
				E81F4520246A778A009B9EDD /* Products */,
				8CFD8837694D973229856E35 /* Pods */,
				494E2739E5C180CA0C8568E0 /* Frameworks */,
			);
			sourceTree = "<group>";
		};
		E81F4520246A778A009B9EDD /* Products */ = {
			isa = PBXGroup;
			children = (
				E81F451F246A778A009B9EDD /* ZJSwiftBaseProject.app */,
			);
			name = Products;
			sourceTree = "<group>";
		};
		E81F4521246A778A009B9EDD /* ZJSwiftBaseProject */ = {
			isa = PBXGroup;
			children = (
				E838F2AC246A7F3A0048B0CB /* Project */,
				E838F2A9246A7D900048B0CB /* Base */,
				E8D36F6F246BD353008E9FED /* Config */,
				E8D36F78246BEB15008E9FED /* SystemResource */,
			);
			path = ZJSwiftBaseProject;
			sourceTree = "<group>";
		};
		E838F2A9246A7D900048B0CB /* Base */ = {
			isa = PBXGroup;
			children = (
				E838F2AA246A7DC20048B0CB /* ZJBaseTabBarController.swift */,
				E838F2B9246A7F620048B0CB /* ZJBaseViewController.swift */,
				E8D36F6C246B8D31008E9FED /* ZJBaseNavigationController.swift */,
			);
			path = Base;
			sourceTree = "<group>";
		};
		E838F2AC246A7F3A0048B0CB /* Project */ = {
			isa = PBXGroup;
			children = (
				E838F2B1246A7F3A0048B0CB /* 首页 */,
				E838F2B5246A7F3A0048B0CB /* 病程记录 */,
				E838F2AD246A7F3A0048B0CB /* 我的 */,
			);
			path = Project;
			sourceTree = "<group>";
		};
		E838F2AD246A7F3A0048B0CB /* 我的 */ = {
			isa = PBXGroup;
			children = (
				E838F2AE246A7F3A0048B0CB /* 首页 */,
			);
			path = "我的";
			sourceTree = "<group>";
		};
		E838F2AE246A7F3A0048B0CB /* 首页 */ = {
			isa = PBXGroup;
			children = (
				E838F2AF246A7F3A0048B0CB /* controller */,
				E838F2B0246A7F3A0048B0CB /* view */,
			);
			path = "首页";
			sourceTree = "<group>";
		};
		E838F2AF246A7F3A0048B0CB /* controller */ = {
			isa = PBXGroup;
			children = (
				E8D36F6A246B88D9008E9FED /* MineViewController.swift */,
			);
			path = controller;
			sourceTree = "<group>";
		};
		E838F2B0246A7F3A0048B0CB /* view */ = {
			isa = PBXGroup;
			children = (
			);
			path = view;
			sourceTree = "<group>";
		};
		E838F2B1246A7F3A0048B0CB /* 首页 */ = {
			isa = PBXGroup;
			children = (
				E838F2B2246A7F3A0048B0CB /* 首页 */,
			);
			path = "首页";
			sourceTree = "<group>";
		};
		E838F2B2246A7F3A0048B0CB /* 首页 */ = {
			isa = PBXGroup;
			children = (
				E838F2B3246A7F3A0048B0CB /* controller */,
				E838F2B4246A7F3A0048B0CB /* view */,
			);
			path = "首页";
			sourceTree = "<group>";
		};
		E838F2B3246A7F3A0048B0CB /* controller */ = {
			isa = PBXGroup;
			children = (
				E8D36F66246B88AA008E9FED /* HomeViewController.swift */,
			);
			path = controller;
			sourceTree = "<group>";
		};
		E838F2B4246A7F3A0048B0CB /* view */ = {
			isa = PBXGroup;
			children = (
			);
			path = view;
			sourceTree = "<group>";
		};
		E838F2B5246A7F3A0048B0CB /* 病程记录 */ = {
			isa = PBXGroup;
			children = (
				E838F2B6246A7F3A0048B0CB /* 首页 */,
			);
			path = "病程记录";
			sourceTree = "<group>";
		};
		E838F2B6246A7F3A0048B0CB /* 首页 */ = {
			isa = PBXGroup;
			children = (
				E838F2B7246A7F3A0048B0CB /* controller */,
				E838F2B8246A7F3A0048B0CB /* view */,
			);
			path = "首页";
			sourceTree = "<group>";
		};
		E838F2B7246A7F3A0048B0CB /* controller */ = {
			isa = PBXGroup;
			children = (
				E8D36F68246B88D1008E9FED /* CourseRecordViewController.swift */,
			);
			path = controller;
			sourceTree = "<group>";
		};
		E838F2B8246A7F3A0048B0CB /* view */ = {
			isa = PBXGroup;
			children = (
			);
			path = view;
			sourceTree = "<group>";
		};
		E8D36F6F246BD353008E9FED /* Config */ = {
			isa = PBXGroup;
			children = (
				E8D36F70246BD353008E9FED /* Extension */,
				E8D36F71246BD353008E9FED /* Class */,
				E8D36F75246BD353008E9FED /* Tool */,
			);
			path = Config;
			sourceTree = "<group>";
		};
		E8D36F70246BD353008E9FED /* Extension */ = {
			isa = PBXGroup;
			children = (
			);
			path = Extension;
			sourceTree = "<group>";
		};
		E8D36F71246BD353008E9FED /* Class */ = {
			isa = PBXGroup;
			children = (
				E8D36F72246BD353008E9FED /* WRNavigationBar */,
			);
			path = Class;
			sourceTree = "<group>";
		};
		E8D36F72246BD353008E9FED /* WRNavigationBar */ = {
			isa = PBXGroup;
			children = (
				E8D36F73246BD353008E9FED /* WRNavigationBar.swift */,
				E8D36F74246BD353008E9FED /* WRCustomNavigationBar.swift */,
			);
			path = WRNavigationBar;
			sourceTree = "<group>";
		};
		E8D36F75246BD353008E9FED /* Tool */ = {
			isa = PBXGroup;
			children = (
			);
			path = Tool;
			sourceTree = "<group>";
		};
		E8D36F78246BEB15008E9FED /* SystemResource */ = {
			isa = PBXGroup;
			children = (
				E8D36F79246BEB15008E9FED /* Assets.xcassets */,
				E8D36F7A246BEB15008E9FED /* LaunchScreen.storyboard */,
				E8D36F7C246BEB15008E9FED /* Main.storyboard */,
				E8D36F7E246BEB15008E9FED /* AppDelegate.swift */,
				E8D36F7F246BEB15008E9FED /* Info.plist */,
				E8D36F80246BEB15008E9FED /* SceneDelegate.swift */,
			);
			path = SystemResource;
			sourceTree = "<group>";
		};
/* End PBXGroup section */

/* Begin PBXNativeTarget section */
		E81F451E246A778A009B9EDD /* ZJSwiftBaseProject */ = {
			isa = PBXNativeTarget;
			buildConfigurationList = E81F4533246A778C009B9EDD /* Build configuration list for PBXNativeTarget "ZJSwiftBaseProject" */;
			buildPhases = (
				6E02E76642BC33361E978271 /* [CP] Check Pods Manifest.lock */,
				E81F451B246A778A009B9EDD /* Sources */,
				E81F451C246A778A009B9EDD /* Frameworks */,
				E81F451D246A778A009B9EDD /* Resources */,
				59D6832694F0C9089B0B6B74 /* [CP] Embed Pods Frameworks */,
			);
			buildRules = (
			);
			dependencies = (
			);
			name = ZJSwiftBaseProject;
			productName = ZJSwiftBaseProject;
			productReference = E81F451F246A778A009B9EDD /* ZJSwiftBaseProject.app */;
			productType = "com.apple.product-type.application";
		};
/* End PBXNativeTarget section */

/* Begin PBXProject section */
		E81F4517246A778A009B9EDD /* Project object */ = {
			isa = PBXProject;
			attributes = {
				LastSwiftUpdateCheck = 1140;
				LastUpgradeCheck = 1140;
				ORGANIZATIONNAME = silence;
				TargetAttributes = {
					E81F451E246A778A009B9EDD = {
						CreatedOnToolsVersion = 11.4.1;
					};
				};
			};
			buildConfigurationList = E81F451A246A778A009B9EDD /* Build configuration list for PBXProject "ZJSwiftBaseProject" */;
			compatibilityVersion = "Xcode 9.3";
			developmentRegion = en;
			hasScannedForEncodings = 0;
			knownRegions = (
				en,
				Base,
			);
			mainGroup = E81F4516246A778A009B9EDD;
			productRefGroup = E81F4520246A778A009B9EDD /* Products */;
			projectDirPath = "";
			projectRoot = "";
			targets = (
				E81F451E246A778A009B9EDD /* ZJSwiftBaseProject */,
			);
		};
/* End PBXProject section */

/* Begin PBXResourcesBuildPhase section */
		E81F451D246A778A009B9EDD /* Resources */ = {
			isa = PBXResourcesBuildPhase;
			buildActionMask = 2147483647;
			files = (
				E8D36F8A246BEC02008E9FED /* Info.plist in Resources */,
				E8D36F83246BEB15008E9FED /* Main.storyboard in Resources */,
				E8D36F81246BEB15008E9FED /* Assets.xcassets in Resources */,
				E8D36F82246BEB15008E9FED /* LaunchScreen.storyboard in Resources */,
			);
			runOnlyForDeploymentPostprocessing = 0;
		};
/* End PBXResourcesBuildPhase section */

/* Begin PBXShellScriptBuildPhase section */
		59D6832694F0C9089B0B6B74 /* [CP] Embed Pods Frameworks */ = {
			isa = PBXShellScriptBuildPhase;
			buildActionMask = 2147483647;
			files = (
			);
			inputFileListPaths = (
				"${PODS_ROOT}/Target Support Files/Pods-ZJSwiftBaseProject/Pods-ZJSwiftBaseProject-frameworks-${CONFIGURATION}-input-files.xcfilelist",
			);
			name = "[CP] Embed Pods Frameworks";
			outputFileListPaths = (
				"${PODS_ROOT}/Target Support Files/Pods-ZJSwiftBaseProject/Pods-ZJSwiftBaseProject-frameworks-${CONFIGURATION}-output-files.xcfilelist",
			);
			runOnlyForDeploymentPostprocessing = 0;
			shellPath = /bin/sh;
			shellScript = "\"${PODS_ROOT}/Target Support Files/Pods-ZJSwiftBaseProject/Pods-ZJSwiftBaseProject-frameworks.sh\"\n";
			showEnvVarsInLog = 0;
		};
		6E02E76642BC33361E978271 /* [CP] Check Pods Manifest.lock */ = {
			isa = PBXShellScriptBuildPhase;
			buildActionMask = 2147483647;
			files = (
			);
			inputFileListPaths = (
			);
			inputPaths = (
				"${PODS_PODFILE_DIR_PATH}/Podfile.lock",
				"${PODS_ROOT}/Manifest.lock",
			);
			name = "[CP] Check Pods Manifest.lock";
			outputFileListPaths = (
			);
			outputPaths = (
				"$(DERIVED_FILE_DIR)/Pods-ZJSwiftBaseProject-checkManifestLockResult.txt",
			);
			runOnlyForDeploymentPostprocessing = 0;
			shellPath = /bin/sh;
			shellScript = "diff \"${PODS_PODFILE_DIR_PATH}/Podfile.lock\" \"${PODS_ROOT}/Manifest.lock\" > /dev/null\nif [ $? != 0 ] ; then\n    # print error to STDERR\n    echo \"error: The sandbox is not in sync with the Podfile.lock. Run 'pod install' or update your CocoaPods installation.\" >&2\n    exit 1\nfi\n# This output is used by Xcode 'outputs' to avoid re-running this script phase.\necho \"SUCCESS\" > \"${SCRIPT_OUTPUT_FILE_0}\"\n";
			showEnvVarsInLog = 0;
		};
/* End PBXShellScriptBuildPhase section */

/* Begin PBXSourcesBuildPhase section */
		E81F451B246A778A009B9EDD /* Sources */ = {
			isa = PBXSourcesBuildPhase;
			buildActionMask = 2147483647;
			files = (
				E8D36F77246BD353008E9FED /* WRCustomNavigationBar.swift in Sources */,
				E8D36F76246BD353008E9FED /* WRNavigationBar.swift in Sources */,
				E838F2BA246A7F620048B0CB /* ZJBaseViewController.swift in Sources */,
				E8D36F84246BEB15008E9FED /* AppDelegate.swift in Sources */,
				E8D36F6B246B88D9008E9FED /* MineViewController.swift in Sources */,
				E8D36F86246BEB15008E9FED /* SceneDelegate.swift in Sources */,
				E838F2AB246A7DC20048B0CB /* ZJBaseTabBarController.swift in Sources */,
				E8D36F69246B88D1008E9FED /* CourseRecordViewController.swift in Sources */,
				E8D36F6D246B8D31008E9FED /* ZJBaseNavigationController.swift in Sources */,
				E8D36F67246B88AA008E9FED /* HomeViewController.swift in Sources */,
			);
			runOnlyForDeploymentPostprocessing = 0;
		};
/* End PBXSourcesBuildPhase section */

/* Begin PBXVariantGroup section */
		E8D36F7A246BEB15008E9FED /* LaunchScreen.storyboard */ = {
			isa = PBXVariantGroup;
			children = (
				E8D36F7B246BEB15008E9FED /* Base */,
			);
			name = LaunchScreen.storyboard;
			sourceTree = "<group>";
		};
		E8D36F7C246BEB15008E9FED /* Main.storyboard */ = {
			isa = PBXVariantGroup;
			children = (
				E8D36F7D246BEB15008E9FED /* Base */,
			);
			name = Main.storyboard;
			sourceTree = "<group>";
		};
/* End PBXVariantGroup section */

/* Begin XCBuildConfiguration section */
		E81F4531246A778C009B9EDD /* Debug */ = {
			isa = XCBuildConfiguration;
			buildSettings = {
				ALWAYS_SEARCH_USER_PATHS = NO;
				CLANG_ANALYZER_NONNULL = YES;
				CLANG_ANALYZER_NUMBER_OBJECT_CONVERSION = YES_AGGRESSIVE;
				CLANG_CXX_LANGUAGE_STANDARD = "gnu++14";
				CLANG_CXX_LIBRARY = "libc++";
				CLANG_ENABLE_MODULES = YES;
				CLANG_ENABLE_OBJC_ARC = YES;
				CLANG_ENABLE_OBJC_WEAK = YES;
				CLANG_WARN_BLOCK_CAPTURE_AUTORELEASING = YES;
				CLANG_WARN_BOOL_CONVERSION = YES;
				CLANG_WARN_COMMA = YES;
				CLANG_WARN_CONSTANT_CONVERSION = YES;
				CLANG_WARN_DEPRECATED_OBJC_IMPLEMENTATIONS = YES;
				CLANG_WARN_DIRECT_OBJC_ISA_USAGE = YES_ERROR;
				CLANG_WARN_DOCUMENTATION_COMMENTS = YES;
				CLANG_WARN_EMPTY_BODY = YES;
				CLANG_WARN_ENUM_CONVERSION = YES;
				CLANG_WARN_INFINITE_RECURSION = YES;
				CLANG_WARN_INT_CONVERSION = YES;
				CLANG_WARN_NON_LITERAL_NULL_CONVERSION = YES;
				CLANG_WARN_OBJC_IMPLICIT_RETAIN_SELF = YES;
				CLANG_WARN_OBJC_LITERAL_CONVERSION = YES;
				CLANG_WARN_OBJC_ROOT_CLASS = YES_ERROR;
				CLANG_WARN_RANGE_LOOP_ANALYSIS = YES;
				CLANG_WARN_STRICT_PROTOTYPES = YES;
				CLANG_WARN_SUSPICIOUS_MOVE = YES;
				CLANG_WARN_UNGUARDED_AVAILABILITY = YES_AGGRESSIVE;
				CLANG_WARN_UNREACHABLE_CODE = YES;
				CLANG_WARN__DUPLICATE_METHOD_MATCH = YES;
				COPY_PHASE_STRIP = NO;
				DEBUG_INFORMATION_FORMAT = dwarf;
				ENABLE_STRICT_OBJC_MSGSEND = YES;
				ENABLE_TESTABILITY = YES;
				GCC_C_LANGUAGE_STANDARD = gnu11;
				GCC_DYNAMIC_NO_PIC = NO;
				GCC_NO_COMMON_BLOCKS = YES;
				GCC_OPTIMIZATION_LEVEL = 0;
				GCC_PREPROCESSOR_DEFINITIONS = (
					"DEBUG=1",
					"$(inherited)",
				);
				GCC_WARN_64_TO_32_BIT_CONVERSION = YES;
				GCC_WARN_ABOUT_RETURN_TYPE = YES_ERROR;
				GCC_WARN_UNDECLARED_SELECTOR = YES;
				GCC_WARN_UNINITIALIZED_AUTOS = YES_AGGRESSIVE;
				GCC_WARN_UNUSED_FUNCTION = YES;
				GCC_WARN_UNUSED_VARIABLE = YES;
				IPHONEOS_DEPLOYMENT_TARGET = 13.4;
				MTL_ENABLE_DEBUG_INFO = INCLUDE_SOURCE;
				MTL_FAST_MATH = YES;
				ONLY_ACTIVE_ARCH = YES;
				SDKROOT = iphoneos;
				SWIFT_ACTIVE_COMPILATION_CONDITIONS = DEBUG;
				SWIFT_OPTIMIZATION_LEVEL = "-Onone";
			};
			name = Debug;
		};
		E81F4532246A778C009B9EDD /* Release */ = {
			isa = XCBuildConfiguration;
			buildSettings = {
				ALWAYS_SEARCH_USER_PATHS = NO;
				CLANG_ANALYZER_NONNULL = YES;
				CLANG_ANALYZER_NUMBER_OBJECT_CONVERSION = YES_AGGRESSIVE;
				CLANG_CXX_LANGUAGE_STANDARD = "gnu++14";
				CLANG_CXX_LIBRARY = "libc++";
				CLANG_ENABLE_MODULES = YES;
				CLANG_ENABLE_OBJC_ARC = YES;
				CLANG_ENABLE_OBJC_WEAK = YES;
				CLANG_WARN_BLOCK_CAPTURE_AUTORELEASING = YES;
				CLANG_WARN_BOOL_CONVERSION = YES;
				CLANG_WARN_COMMA = YES;
				CLANG_WARN_CONSTANT_CONVERSION = YES;
				CLANG_WARN_DEPRECATED_OBJC_IMPLEMENTATIONS = YES;
				CLANG_WARN_DIRECT_OBJC_ISA_USAGE = YES_ERROR;
				CLANG_WARN_DOCUMENTATION_COMMENTS = YES;
				CLANG_WARN_EMPTY_BODY = YES;
				CLANG_WARN_ENUM_CONVERSION = YES;
				CLANG_WARN_INFINITE_RECURSION = YES;
				CLANG_WARN_INT_CONVERSION = YES;
				CLANG_WARN_NON_LITERAL_NULL_CONVERSION = YES;
				CLANG_WARN_OBJC_IMPLICIT_RETAIN_SELF = YES;
				CLANG_WARN_OBJC_LITERAL_CONVERSION = YES;
				CLANG_WARN_OBJC_ROOT_CLASS = YES_ERROR;
				CLANG_WARN_RANGE_LOOP_ANALYSIS = YES;
				CLANG_WARN_STRICT_PROTOTYPES = YES;
				CLANG_WARN_SUSPICIOUS_MOVE = YES;
				CLANG_WARN_UNGUARDED_AVAILABILITY = YES_AGGRESSIVE;
				CLANG_WARN_UNREACHABLE_CODE = YES;
				CLANG_WARN__DUPLICATE_METHOD_MATCH = YES;
				COPY_PHASE_STRIP = NO;
				DEBUG_INFORMATION_FORMAT = "dwarf-with-dsym";
				ENABLE_NS_ASSERTIONS = NO;
				ENABLE_STRICT_OBJC_MSGSEND = YES;
				GCC_C_LANGUAGE_STANDARD = gnu11;
				GCC_NO_COMMON_BLOCKS = YES;
				GCC_WARN_64_TO_32_BIT_CONVERSION = YES;
				GCC_WARN_ABOUT_RETURN_TYPE = YES_ERROR;
				GCC_WARN_UNDECLARED_SELECTOR = YES;
				GCC_WARN_UNINITIALIZED_AUTOS = YES_AGGRESSIVE;
				GCC_WARN_UNUSED_FUNCTION = YES;
				GCC_WARN_UNUSED_VARIABLE = YES;
				IPHONEOS_DEPLOYMENT_TARGET = 13.4;
				MTL_ENABLE_DEBUG_INFO = NO;
				MTL_FAST_MATH = YES;
				SDKROOT = iphoneos;
				SWIFT_COMPILATION_MODE = wholemodule;
				SWIFT_OPTIMIZATION_LEVEL = "-O";
				VALIDATE_PRODUCT = YES;
			};
			name = Release;
		};
		E81F4534246A778C009B9EDD /* Debug */ = {
			isa = XCBuildConfiguration;
			baseConfigurationReference = DF4F02FDB8B717A57AA6036C /* Pods-ZJSwiftBaseProject.debug.xcconfig */;
			buildSettings = {
				ASSETCATALOG_COMPILER_APPICON_NAME = AppIcon;
				CODE_SIGN_IDENTITY = "Apple Development";
				CODE_SIGN_STYLE = Automatic;
				CURRENT_PROJECT_VERSION = 1;
				DEVELOPMENT_TEAM = CJW3UA3TZT;
				INFOPLIST_FILE = ZJSwiftBaseProject/SystemResource/Info.plist;
				IPHONEOS_DEPLOYMENT_TARGET = 13.0;
				LD_RUNPATH_SEARCH_PATHS = (
					"$(inherited)",
					"@executable_path/Frameworks",
				);
				MARKETING_VERSION = 1;
				PRODUCT_BUNDLE_IDENTIFIER = ZJSwiftBaseProject.ZJSwiftBaseProject;
				PRODUCT_NAME = "$(TARGET_NAME)";
				PROVISIONING_PROFILE_SPECIFIER = "";
				SWIFT_VERSION = 5.0;
				TARGETED_DEVICE_FAMILY = 1;
			};
			name = Debug;
		};
		E81F4535246A778C009B9EDD /* Release */ = {
			isa = XCBuildConfiguration;
			baseConfigurationReference = 1E4191D4F8ACA5F87B2B336C /* Pods-ZJSwiftBaseProject.release.xcconfig */;
			buildSettings = {
				ASSETCATALOG_COMPILER_APPICON_NAME = AppIcon;
				CODE_SIGN_IDENTITY = "Apple Development";
				CODE_SIGN_STYLE = Automatic;
				CURRENT_PROJECT_VERSION = 1;
				DEVELOPMENT_TEAM = CJW3UA3TZT;
				INFOPLIST_FILE = ZJSwiftBaseProject/SystemResource/Info.plist;
				IPHONEOS_DEPLOYMENT_TARGET = 13.0;
				LD_RUNPATH_SEARCH_PATHS = (
					"$(inherited)",
					"@executable_path/Frameworks",
				);
				MARKETING_VERSION = 1;
				PRODUCT_BUNDLE_IDENTIFIER = ZJSwiftBaseProject.ZJSwiftBaseProject;
				PRODUCT_NAME = "$(TARGET_NAME)";
				PROVISIONING_PROFILE_SPECIFIER = "";
				SWIFT_VERSION = 5.0;
				TARGETED_DEVICE_FAMILY = 1;
			};
			name = Release;
		};
/* End XCBuildConfiguration section */

/* Begin XCConfigurationList section */
		E81F451A246A778A009B9EDD /* Build configuration list for PBXProject "ZJSwiftBaseProject" */ = {
			isa = XCConfigurationList;
			buildConfigurations = (
				E81F4531246A778C009B9EDD /* Debug */,
				E81F4532246A778C009B9EDD /* Release */,
			);
			defaultConfigurationIsVisible = 0;
			defaultConfigurationName = Release;
		};
		E81F4533246A778C009B9EDD /* Build configuration list for PBXNativeTarget "ZJSwiftBaseProject" */ = {
			isa = XCConfigurationList;
			buildConfigurations = (
				E81F4534246A778C009B9EDD /* Debug */,
				E81F4535246A778C009B9EDD /* Release */,
			);
			defaultConfigurationIsVisible = 0;
			defaultConfigurationName = Release;
		};
/* End XCConfigurationList section */
	};
	rootObject = E81F4517246A778A009B9EDD /* Project object */;
}
